// !$*UTF8*$!
{
	archiveVersion = 1;
	classes = {
	};
	objectVersion = 56;
	objects = {

/* Begin PBXBuildFile section */
		85B1CCD22C787FFA004B68E9 /* RocketSettingsView.swift in Sources */ = {isa = PBXBuildFile; fileRef = 85B1CCD12C787FFA004B68E9 /* RocketSettingsView.swift */; };
		85B1CCD42C78E47B004B68E9 /* Test.swift in Sources */ = {isa = PBXBuildFile; fileRef = 85B1CCD32C78E47B004B68E9 /* Test.swift */; };
		85B3AF9F2C779394000460BD /* RocketSettings.swift in Sources */ = {isa = PBXBuildFile; fileRef = 85B3AF9E2C779394000460BD /* RocketSettings.swift */; };
		85B3AFA32C7793C8000460BD /* RocketSettingsViewController.swift in Sources */ = {isa = PBXBuildFile; fileRef = 85B3AFA22C7793C8000460BD /* RocketSettingsViewController.swift */; };
		C98E446F2C773E4B0027A4C9 /* Colors.swift in Sources */ = {isa = PBXBuildFile; fileRef = C98E446E2C773E4B0027A4C9 /* Colors.swift */; };
		EC4EDD362C679C430064134D /* AppDelegate.swift in Sources */ = {isa = PBXBuildFile; fileRef = EC4EDD352C679C430064134D /* AppDelegate.swift */; };
		EC4EDD382C679C430064134D /* SceneDelegate.swift in Sources */ = {isa = PBXBuildFile; fileRef = EC4EDD372C679C430064134D /* SceneDelegate.swift */; };
		EC4EDD3F2C679C440064134D /* Assets.xcassets in Resources */ = {isa = PBXBuildFile; fileRef = EC4EDD3E2C679C440064134D /* Assets.xcassets */; };
		EC4EDD422C679C440064134D /* Base in Resources */ = {isa = PBXBuildFile; fileRef = EC4EDD412C679C440064134D /* Base */; };
		EC4EDD4B2C679CAB0064134D /* SnapKit in Frameworks */ = {isa = PBXBuildFile; productRef = EC4EDD4A2C679CAB0064134D /* SnapKit */; };
		EC4EDD4F2C679EB80064134D /* UIView+AddSubviews.swift in Sources */ = {isa = PBXBuildFile; fileRef = EC4EDD4E2C679EB80064134D /* UIView+AddSubviews.swift */; };
		EC4EDD522C679F330064134D /* GenericViewController.swift in Sources */ = {isa = PBXBuildFile; fileRef = EC4EDD512C679F330064134D /* GenericViewController.swift */; };
		EC4EDD552C679FC40064134D /* MainView.swift in Sources */ = {isa = PBXBuildFile; fileRef = EC4EDD542C679FC40064134D /* MainView.swift */; };
		EC4EDD602C67A3310064134D /* MainViewController.swift in Sources */ = {isa = PBXBuildFile; fileRef = EC4EDD5F2C67A3310064134D /* MainViewController.swift */; };
/* End PBXBuildFile section */

/* Begin PBXFileReference section */
		85B1CCD12C787FFA004B68E9 /* RocketSettingsView.swift */ = {isa = PBXFileReference; lastKnownFileType = sourcecode.swift; path = RocketSettingsView.swift; sourceTree = "<group>"; };
		85B1CCD32C78E47B004B68E9 /* Test.swift */ = {isa = PBXFileReference; lastKnownFileType = sourcecode.swift; path = Test.swift; sourceTree = "<group>"; };
		85B3AF9E2C779394000460BD /* RocketSettings.swift */ = {isa = PBXFileReference; lastKnownFileType = sourcecode.swift; name = RocketSettings.swift; path = SpaceProject/Modules/Main/Model/RocketSettings.swift; sourceTree = SOURCE_ROOT; };
		85B3AFA22C7793C8000460BD /* RocketSettingsViewController.swift */ = {isa = PBXFileReference; lastKnownFileType = sourcecode.swift; path = RocketSettingsViewController.swift; sourceTree = "<group>"; };
		C98E446E2C773E4B0027A4C9 /* Colors.swift */ = {isa = PBXFileReference; fileEncoding = 4; lastKnownFileType = sourcecode.swift; path = Colors.swift; sourceTree = "<group>"; };
		EC4EDD322C679C430064134D /* SpaceProject.app */ = {isa = PBXFileReference; explicitFileType = wrapper.application; includeInIndex = 0; path = SpaceProject.app; sourceTree = BUILT_PRODUCTS_DIR; };
		EC4EDD352C679C430064134D /* AppDelegate.swift */ = {isa = PBXFileReference; lastKnownFileType = sourcecode.swift; path = AppDelegate.swift; sourceTree = "<group>"; };
		EC4EDD372C679C430064134D /* SceneDelegate.swift */ = {isa = PBXFileReference; lastKnownFileType = sourcecode.swift; path = SceneDelegate.swift; sourceTree = "<group>"; };
		EC4EDD3E2C679C440064134D /* Assets.xcassets */ = {isa = PBXFileReference; lastKnownFileType = folder.assetcatalog; path = Assets.xcassets; sourceTree = "<group>"; };
		EC4EDD412C679C440064134D /* Base */ = {isa = PBXFileReference; lastKnownFileType = file.storyboard; name = Base; path = Base.lproj/LaunchScreen.storyboard; sourceTree = "<group>"; };
		EC4EDD432C679C440064134D /* Info.plist */ = {isa = PBXFileReference; lastKnownFileType = text.plist.xml; path = Info.plist; sourceTree = "<group>"; };
		EC4EDD4E2C679EB80064134D /* UIView+AddSubviews.swift */ = {isa = PBXFileReference; lastKnownFileType = sourcecode.swift; path = "UIView+AddSubviews.swift"; sourceTree = "<group>"; };
		EC4EDD512C679F330064134D /* GenericViewController.swift */ = {isa = PBXFileReference; lastKnownFileType = sourcecode.swift; path = GenericViewController.swift; sourceTree = "<group>"; };
		EC4EDD542C679FC40064134D /* MainView.swift */ = {isa = PBXFileReference; lastKnownFileType = sourcecode.swift; path = MainView.swift; sourceTree = "<group>"; };
		EC4EDD5F2C67A3310064134D /* MainViewController.swift */ = {isa = PBXFileReference; lastKnownFileType = sourcecode.swift; path = MainViewController.swift; sourceTree = "<group>"; };
/* End PBXFileReference section */

/* Begin PBXFrameworksBuildPhase section */
		EC4EDD2F2C679C430064134D /* Frameworks */ = {
			isa = PBXFrameworksBuildPhase;
			buildActionMask = 2147483647;
			files = (
				EC4EDD4B2C679CAB0064134D /* SnapKit in Frameworks */,
			);
			runOnlyForDeploymentPostprocessing = 0;
		};
/* End PBXFrameworksBuildPhase section */

/* Begin PBXGroup section */
		EC4EDD292C679C430064134D = {
			isa = PBXGroup;
			children = (
				EC4EDD342C679C430064134D /* SpaceProject */,
				EC4EDD332C679C430064134D /* Products */,
			);
			sourceTree = "<group>";
		};
		EC4EDD332C679C430064134D /* Products */ = {
			isa = PBXGroup;
			children = (
				EC4EDD322C679C430064134D /* SpaceProject.app */,
			);
			name = Products;
			sourceTree = "<group>";
		};
		EC4EDD342C679C430064134D /* SpaceProject */ = {
			isa = PBXGroup;
			children = (
				EC4EDD4C2C679EA20064134D /* Application */,
				EC4EDD532C679FB60064134D /* Modules */,
				EC4EDD5B2C67A1A20064134D /* Utilities */,
				EC4EDD562C67A11A0064134D /* Resources */,
			);
			path = SpaceProject;
			sourceTree = "<group>";
		};
		EC4EDD4C2C679EA20064134D /* Application */ = {
			isa = PBXGroup;
			children = (
				EC4EDD352C679C430064134D /* AppDelegate.swift */,
				EC4EDD372C679C430064134D /* SceneDelegate.swift */,
			);
			path = Application;
			sourceTree = "<group>";
		};
		EC4EDD4D2C679EAC0064134D /* Extensions */ = {
			isa = PBXGroup;
			children = (
				EC4EDD4E2C679EB80064134D /* UIView+AddSubviews.swift */,
				EC4EDD512C679F330064134D /* GenericViewController.swift */,
			);
			path = Extensions;
			sourceTree = "<group>";
		};
		EC4EDD532C679FB60064134D /* Modules */ = {
			isa = PBXGroup;
			children = (
				EC4EDD572C67A15F0064134D /* Main */,
			);
			path = Modules;
			sourceTree = "<group>";
		};
		EC4EDD562C67A11A0064134D /* Resources */ = {
			isa = PBXGroup;
			children = (
				C98E446E2C773E4B0027A4C9 /* Colors.swift */,
				EC4EDD432C679C440064134D /* Info.plist */,
				EC4EDD402C679C440064134D /* LaunchScreen.storyboard */,
				EC4EDD3E2C679C440064134D /* Assets.xcassets */,
			);
			path = Resources;
			sourceTree = "<group>";
		};
		EC4EDD572C67A15F0064134D /* Main */ = {
			isa = PBXGroup;
			children = (
				EC4EDD592C67A16F0064134D /* Model */,
				EC4EDD582C67A16C0064134D /* View */,
				EC4EDD5A2C67A1740064134D /* Controller */,
			);
			path = Main;
			sourceTree = "<group>";
		};
		EC4EDD582C67A16C0064134D /* View */ = {
			isa = PBXGroup;
			children = (
				EC4EDD542C679FC40064134D /* MainView.swift */,
				85B1CCD12C787FFA004B68E9 /* RocketSettingsView.swift */,
			);
			path = View;
			sourceTree = "<group>";
		};
		EC4EDD592C67A16F0064134D /* Model */ = {
			isa = PBXGroup;
			children = (
				85B3AF9E2C779394000460BD /* RocketSettings.swift */,
			);
			path = Model;
			sourceTree = "<group>";
		};
		EC4EDD5A2C67A1740064134D /* Controller */ = {
			isa = PBXGroup;
			children = (
				EC4EDD5F2C67A3310064134D /* MainViewController.swift */,
				85B3AFA22C7793C8000460BD /* RocketSettingsViewController.swift */,
				85B1CCD32C78E47B004B68E9 /* Test.swift */,
			);
			path = Controller;
			sourceTree = "<group>";
		};
		EC4EDD5B2C67A1A20064134D /* Utilities */ = {
			isa = PBXGroup;
			children = (
				EC4EDD4D2C679EAC0064134D /* Extensions */,
			);
			path = Utilities;
			sourceTree = "<group>";
		};
/* End PBXGroup section */

/* Begin PBXNativeTarget section */
		EC4EDD312C679C430064134D /* SpaceProject */ = {
			isa = PBXNativeTarget;
			buildConfigurationList = EC4EDD462C679C440064134D /* Build configuration list for PBXNativeTarget "SpaceProject" */;
			buildPhases = (
				EC4EDD2E2C679C430064134D /* Sources */,
				EC4EDD2F2C679C430064134D /* Frameworks */,
				EC4EDD302C679C430064134D /* Resources */,
			);
			buildRules = (
			);
			dependencies = (
			);
			name = SpaceProject;
			packageProductDependencies = (
				EC4EDD4A2C679CAB0064134D /* SnapKit */,
			);
			productName = SpaceProject;
			productReference = EC4EDD322C679C430064134D /* SpaceProject.app */;
			productType = "com.apple.product-type.application";
		};
/* End PBXNativeTarget section */

/* Begin PBXProject section */
		EC4EDD2A2C679C430064134D /* Project object */ = {
			isa = PBXProject;
			attributes = {
				BuildIndependentTargetsInParallel = 1;
				LastSwiftUpdateCheck = 1540;
				LastUpgradeCheck = 1540;
				TargetAttributes = {
					EC4EDD312C679C430064134D = {
						CreatedOnToolsVersion = 15.4;
					};
				};
			};
			buildConfigurationList = EC4EDD2D2C679C430064134D /* Build configuration list for PBXProject "SpaceProject" */;
			compatibilityVersion = "Xcode 14.0";
			developmentRegion = en;
			hasScannedForEncodings = 0;
			knownRegions = (
				en,
				Base,
			);
			mainGroup = EC4EDD292C679C430064134D;
			packageReferences = (
				EC4EDD492C679CAB0064134D /* XCRemoteSwiftPackageReference "SnapKit" */,
			);
			productRefGroup = EC4EDD332C679C430064134D /* Products */;
			projectDirPath = "";
			projectRoot = "";
			targets = (
				EC4EDD312C679C430064134D /* SpaceProject */,
			);
		};
/* End PBXProject section */

/* Begin PBXResourcesBuildPhase section */
		EC4EDD302C679C430064134D /* Resources */ = {
			isa = PBXResourcesBuildPhase;
			buildActionMask = 2147483647;
			files = (
				EC4EDD3F2C679C440064134D /* Assets.xcassets in Resources */,
				EC4EDD422C679C440064134D /* Base in Resources */,
			);
			runOnlyForDeploymentPostprocessing = 0;
		};
/* End PBXResourcesBuildPhase section */

/* Begin PBXSourcesBuildPhase section */
		EC4EDD2E2C679C430064134D /* Sources */ = {
			isa = PBXSourcesBuildPhase;
			buildActionMask = 2147483647;
			files = (
				85B3AF9F2C779394000460BD /* RocketSettings.swift in Sources */,
				EC4EDD602C67A3310064134D /* MainViewController.swift in Sources */,
				EC4EDD4F2C679EB80064134D /* UIView+AddSubviews.swift in Sources */,
				85B1CCD22C787FFA004B68E9 /* RocketSettingsView.swift in Sources */,
				EC4EDD552C679FC40064134D /* MainView.swift in Sources */,
				85B1CCD42C78E47B004B68E9 /* Test.swift in Sources */,
				C98E446F2C773E4B0027A4C9 /* Colors.swift in Sources */,
				EC4EDD522C679F330064134D /* GenericViewController.swift in Sources */,
				EC4EDD362C679C430064134D /* AppDelegate.swift in Sources */,
				EC4EDD382C679C430064134D /* SceneDelegate.swift in Sources */,
				85B3AFA32C7793C8000460BD /* RocketSettingsViewController.swift in Sources */,
			);
			runOnlyForDeploymentPostprocessing = 0;
		};
/* End PBXSourcesBuildPhase section */

/* Begin PBXVariantGroup section */
		EC4EDD402C679C440064134D /* LaunchScreen.storyboard */ = {
			isa = PBXVariantGroup;
			children = (
				EC4EDD412C679C440064134D /* Base */,
			);
			name = LaunchScreen.storyboard;
			sourceTree = "<group>";
		};
/* End PBXVariantGroup section */

/* Begin XCBuildConfiguration section */
		EC4EDD442C679C440064134D /* Debug */ = {
			isa = XCBuildConfiguration;
			buildSettings = {
				ALWAYS_SEARCH_USER_PATHS = NO;
				ASSETCATALOG_COMPILER_GENERATE_SWIFT_ASSET_SYMBOL_EXTENSIONS = YES;
				CLANG_ANALYZER_NONNULL = YES;
				CLANG_ANALYZER_NUMBER_OBJECT_CONVERSION = YES_AGGRESSIVE;
				CLANG_CXX_LANGUAGE_STANDARD = "gnu++20";
				CLANG_ENABLE_MODULES = YES;
				CLANG_ENABLE_OBJC_ARC = YES;
				CLANG_ENABLE_OBJC_WEAK = YES;
				CLANG_WARN_BLOCK_CAPTURE_AUTORELEASING = YES;
				CLANG_WARN_BOOL_CONVERSION = YES;
				CLANG_WARN_COMMA = YES;
				CLANG_WARN_CONSTANT_CONVERSION = YES;
				CLANG_WARN_DEPRECATED_OBJC_IMPLEMENTATIONS = YES;
				CLANG_WARN_DIRECT_OBJC_ISA_USAGE = YES_ERROR;
				CLANG_WARN_DOCUMENTATION_COMMENTS = YES;
				CLANG_WARN_EMPTY_BODY = YES;
				CLANG_WARN_ENUM_CONVERSION = YES;
				CLANG_WARN_INFINITE_RECURSION = YES;
				CLANG_WARN_INT_CONVERSION = YES;
				CLANG_WARN_NON_LITERAL_NULL_CONVERSION = YES;
				CLANG_WARN_OBJC_IMPLICIT_RETAIN_SELF = YES;
				CLANG_WARN_OBJC_LITERAL_CONVERSION = YES;
				CLANG_WARN_OBJC_ROOT_CLASS = YES_ERROR;
				CLANG_WARN_QUOTED_INCLUDE_IN_FRAMEWORK_HEADER = YES;
				CLANG_WARN_RANGE_LOOP_ANALYSIS = YES;
				CLANG_WARN_STRICT_PROTOTYPES = YES;
				CLANG_WARN_SUSPICIOUS_MOVE = YES;
				CLANG_WARN_UNGUARDED_AVAILABILITY = YES_AGGRESSIVE;
				CLANG_WARN_UNREACHABLE_CODE = YES;
				CLANG_WARN__DUPLICATE_METHOD_MATCH = YES;
				COPY_PHASE_STRIP = NO;
				DEBUG_INFORMATION_FORMAT = dwarf;
				ENABLE_STRICT_OBJC_MSGSEND = YES;
				ENABLE_TESTABILITY = YES;
				ENABLE_USER_SCRIPT_SANDBOXING = YES;
				GCC_C_LANGUAGE_STANDARD = gnu17;
				GCC_DYNAMIC_NO_PIC = NO;
				GCC_NO_COMMON_BLOCKS = YES;
				GCC_OPTIMIZATION_LEVEL = 0;
				GCC_PREPROCESSOR_DEFINITIONS = (
					"DEBUG=1",
					"$(inherited)",
				);
				GCC_WARN_64_TO_32_BIT_CONVERSION = YES;
				GCC_WARN_ABOUT_RETURN_TYPE = YES_ERROR;
				GCC_WARN_UNDECLARED_SELECTOR = YES;
				GCC_WARN_UNINITIALIZED_AUTOS = YES_AGGRESSIVE;
				GCC_WARN_UNUSED_FUNCTION = YES;
				GCC_WARN_UNUSED_VARIABLE = YES;
				IPHONEOS_DEPLOYMENT_TARGET = 17.5;
				LOCALIZATION_PREFERS_STRING_CATALOGS = YES;
				MTL_ENABLE_DEBUG_INFO = INCLUDE_SOURCE;
				MTL_FAST_MATH = YES;
				ONLY_ACTIVE_ARCH = YES;
				SDKROOT = iphoneos;
				SWIFT_ACTIVE_COMPILATION_CONDITIONS = "DEBUG $(inherited)";
				SWIFT_OPTIMIZATION_LEVEL = "-Onone";
			};
			name = Debug;
		};
		EC4EDD452C679C440064134D /* Release */ = {
			isa = XCBuildConfiguration;
			buildSettings = {
				ALWAYS_SEARCH_USER_PATHS = NO;
				ASSETCATALOG_COMPILER_GENERATE_SWIFT_ASSET_SYMBOL_EXTENSIONS = YES;
				CLANG_ANALYZER_NONNULL = YES;
				CLANG_ANALYZER_NUMBER_OBJECT_CONVERSION = YES_AGGRESSIVE;
				CLANG_CXX_LANGUAGE_STANDARD = "gnu++20";
				CLANG_ENABLE_MODULES = YES;
				CLANG_ENABLE_OBJC_ARC = YES;
				CLANG_ENABLE_OBJC_WEAK = YES;
				CLANG_WARN_BLOCK_CAPTURE_AUTORELEASING = YES;
				CLANG_WARN_BOOL_CONVERSION = YES;
				CLANG_WARN_COMMA = YES;
				CLANG_WARN_CONSTANT_CONVERSION = YES;
				CLANG_WARN_DEPRECATED_OBJC_IMPLEMENTATIONS = YES;
				CLANG_WARN_DIRECT_OBJC_ISA_USAGE = YES_ERROR;
				CLANG_WARN_DOCUMENTATION_COMMENTS = YES;
				CLANG_WARN_EMPTY_BODY = YES;
				CLANG_WARN_ENUM_CONVERSION = YES;
				CLANG_WARN_INFINITE_RECURSION = YES;
				CLANG_WARN_INT_CONVERSION = YES;
				CLANG_WARN_NON_LITERAL_NULL_CONVERSION = YES;
				CLANG_WARN_OBJC_IMPLICIT_RETAIN_SELF = YES;
				CLANG_WARN_OBJC_LITERAL_CONVERSION = YES;
				CLANG_WARN_OBJC_ROOT_CLASS = YES_ERROR;
				CLANG_WARN_QUOTED_INCLUDE_IN_FRAMEWORK_HEADER = YES;
				CLANG_WARN_RANGE_LOOP_ANALYSIS = YES;
				CLANG_WARN_STRICT_PROTOTYPES = YES;
				CLANG_WARN_SUSPICIOUS_MOVE = YES;
				CLANG_WARN_UNGUARDED_AVAILABILITY = YES_AGGRESSIVE;
				CLANG_WARN_UNREACHABLE_CODE = YES;
				CLANG_WARN__DUPLICATE_METHOD_MATCH = YES;
				COPY_PHASE_STRIP = NO;
				DEBUG_INFORMATION_FORMAT = "dwarf-with-dsym";
				ENABLE_NS_ASSERTIONS = NO;
				ENABLE_STRICT_OBJC_MSGSEND = YES;
				ENABLE_USER_SCRIPT_SANDBOXING = YES;
				GCC_C_LANGUAGE_STANDARD = gnu17;
				GCC_NO_COMMON_BLOCKS = YES;
				GCC_WARN_64_TO_32_BIT_CONVERSION = YES;
				GCC_WARN_ABOUT_RETURN_TYPE = YES_ERROR;
				GCC_WARN_UNDECLARED_SELECTOR = YES;
				GCC_WARN_UNINITIALIZED_AUTOS = YES_AGGRESSIVE;
				GCC_WARN_UNUSED_FUNCTION = YES;
				GCC_WARN_UNUSED_VARIABLE = YES;
				IPHONEOS_DEPLOYMENT_TARGET = 17.5;
				LOCALIZATION_PREFERS_STRING_CATALOGS = YES;
				MTL_ENABLE_DEBUG_INFO = NO;
				MTL_FAST_MATH = YES;
				SDKROOT = iphoneos;
				SWIFT_COMPILATION_MODE = wholemodule;
				VALIDATE_PRODUCT = YES;
			};
			name = Release;
		};
		EC4EDD472C679C440064134D /* Debug */ = {
			isa = XCBuildConfiguration;
			buildSettings = {
				ASSETCATALOG_COMPILER_APPICON_NAME = AppIcon;
				ASSETCATALOG_COMPILER_GLOBAL_ACCENT_COLOR_NAME = AccentColor;
				CODE_SIGN_STYLE = Automatic;
				CURRENT_PROJECT_VERSION = 1;
				DEVELOPMENT_TEAM = X6KB2A8YM9;
				ENABLE_USER_SCRIPT_SANDBOXING = NO;
				GENERATE_INFOPLIST_FILE = YES;
				INFOPLIST_FILE = SpaceProject/Resources/Info.plist;
				INFOPLIST_KEY_CFBundleDisplayName = SpaceX;
				INFOPLIST_KEY_UIApplicationSupportsIndirectInputEvents = YES;
				INFOPLIST_KEY_UILaunchStoryboardName = LaunchScreen;
				INFOPLIST_KEY_UISupportedInterfaceOrientations = UIInterfaceOrientationPortrait;
				INFOPLIST_KEY_UISupportedInterfaceOrientations_iPad = "UIInterfaceOrientationLandscapeLeft UIInterfaceOrientationLandscapeRight UIInterfaceOrientationPortrait UIInterfaceOrientationPortraitUpsideDown";
				IPHONEOS_DEPLOYMENT_TARGET = 15.0;
				LD_RUNPATH_SEARCH_PATHS = (
					"$(inherited)",
					"@executable_path/Frameworks",
				);
				MARKETING_VERSION = 1.0;
				PRODUCT_BUNDLE_IDENTIFIER = io.raynelzMenties.SpaceProject;
				PRODUCT_NAME = "$(TARGET_NAME)";
				SUPPORTED_PLATFORMS = "iphoneos iphonesimulator";
				SUPPORTS_MACCATALYST = NO;
				SUPPORTS_MAC_DESIGNED_FOR_IPHONE_IPAD = NO;
				SUPPORTS_XR_DESIGNED_FOR_IPHONE_IPAD = NO;
				SWIFT_EMIT_LOC_STRINGS = YES;
				SWIFT_VERSION = 5.0;
				TARGETED_DEVICE_FAMILY = 1;
			};
			name = Debug;
		};
		EC4EDD482C679C440064134D /* Release */ = {
			isa = XCBuildConfiguration;
			buildSettings = {
				ASSETCATALOG_COMPILER_APPICON_NAME = AppIcon;
				ASSETCATALOG_COMPILER_GLOBAL_ACCENT_COLOR_NAME = AccentColor;
				CODE_SIGN_STYLE = Automatic;
				CURRENT_PROJECT_VERSION = 1;
				DEVELOPMENT_TEAM = X6KB2A8YM9;
				ENABLE_USER_SCRIPT_SANDBOXING = NO;
				GENERATE_INFOPLIST_FILE = YES;
				INFOPLIST_FILE = SpaceProject/Resources/Info.plist;
				INFOPLIST_KEY_CFBundleDisplayName = SpaceX;
				INFOPLIST_KEY_UIApplicationSupportsIndirectInputEvents = YES;
				INFOPLIST_KEY_UILaunchStoryboardName = LaunchScreen;
				INFOPLIST_KEY_UISupportedInterfaceOrientations = UIInterfaceOrientationPortrait;
				INFOPLIST_KEY_UISupportedInterfaceOrientations_iPad = "UIInterfaceOrientationLandscapeLeft UIInterfaceOrientationLandscapeRight UIInterfaceOrientationPortrait UIInterfaceOrientationPortraitUpsideDown";
				IPHONEOS_DEPLOYMENT_TARGET = 15.0;
				LD_RUNPATH_SEARCH_PATHS = (
					"$(inherited)",
					"@executable_path/Frameworks",
				);
				MARKETING_VERSION = 1.0;
				PRODUCT_BUNDLE_IDENTIFIER = io.raynelzMenties.SpaceProject;
				PRODUCT_NAME = "$(TARGET_NAME)";
				SUPPORTED_PLATFORMS = "iphoneos iphonesimulator";
				SUPPORTS_MACCATALYST = NO;
				SUPPORTS_MAC_DESIGNED_FOR_IPHONE_IPAD = NO;
				SUPPORTS_XR_DESIGNED_FOR_IPHONE_IPAD = NO;
				SWIFT_EMIT_LOC_STRINGS = YES;
				SWIFT_VERSION = 5.0;
				TARGETED_DEVICE_FAMILY = 1;
			};
			name = Release;
		};
/* End XCBuildConfiguration section */

/* Begin XCConfigurationList section */
		EC4EDD2D2C679C430064134D /* Build configuration list for PBXProject "SpaceProject" */ = {
			isa = XCConfigurationList;
			buildConfigurations = (
				EC4EDD442C679C440064134D /* Debug */,
				EC4EDD452C679C440064134D /* Release */,
			);
			defaultConfigurationIsVisible = 0;
			defaultConfigurationName = Release;
		};
		EC4EDD462C679C440064134D /* Build configuration list for PBXNativeTarget "SpaceProject" */ = {
			isa = XCConfigurationList;
			buildConfigurations = (
				EC4EDD472C679C440064134D /* Debug */,
				EC4EDD482C679C440064134D /* Release */,
			);
			defaultConfigurationIsVisible = 0;
			defaultConfigurationName = Release;
		};
/* End XCConfigurationList section */

/* Begin XCRemoteSwiftPackageReference section */
		EC4EDD492C679CAB0064134D /* XCRemoteSwiftPackageReference "SnapKit" */ = {
			isa = XCRemoteSwiftPackageReference;
			repositoryURL = "https://github.com/SnapKit/SnapKit";
			requirement = {
				kind = upToNextMajorVersion;
				minimumVersion = 5.7.1;
			};
		};
/* End XCRemoteSwiftPackageReference section */

/* Begin XCSwiftPackageProductDependency section */
		EC4EDD4A2C679CAB0064134D /* SnapKit */ = {
			isa = XCSwiftPackageProductDependency;
			package = EC4EDD492C679CAB0064134D /* XCRemoteSwiftPackageReference "SnapKit" */;
			productName = SnapKit;
		};
/* End XCSwiftPackageProductDependency section */
	};
	rootObject = EC4EDD2A2C679C430064134D /* Project object */;
}
